
Microsoft Visual Studio Solution File, Format Version 12.00
# Visual Studio Version 17
VisualStudioVersion = 17.0.31903.59
MinimumVisualStudioVersion = 10.0.40219.1
Project("{2150E333-8FDC-42A3-9474-1A3956D46DE8}") = "Solution Items", "Solution Items", "{B6F4219A-EFB1-4E0B-A57C-5D62F9096B6E}"
	ProjectSection(SolutionItems) = preProject
		.editorconfig = .editorconfig
		tests\.editorconfig = tests\.editorconfig
		Directory.Build.props = Directory.Build.props
		src\Directory.Build.props = src\Directory.Build.props
		Directory.Packages.props = Directory.Packages.props
		tests\Directory.Build.props = tests\Directory.Build.props
	EndProjectSection
EndProject
Project("{2150E333-8FDC-42A3-9474-1A3956D46DE8}") = "src", "src", "{7719CE18-E991-4DD6-A9F5-D84857100B27}"
EndProject
Project("{FAE04EC0-301F-11D3-BF4B-00C04F79EFBC}") = "Core", "src\Core\Core.csproj", "{A40858EA-AE30-4033-BC9E-AE70EC113F0D}"
EndProject
Project("{FAE04EC0-301F-11D3-BF4B-00C04F79EFBC}") = "Services", "src\Services\Services.csproj", "{C6AF0CA7-D508-4F8B-917E-C91A41C9A184}"
EndProject
Project("{2150E333-8FDC-42A3-9474-1A3956D46DE8}") = "tests", "tests", "{2269D2F3-DF9B-48ED-9328-824B04802BF1}"
EndProject
Project("{2150E333-8FDC-42A3-9474-1A3956D46DE8}") = "unit", "unit", "{5402953F-AED3-4F73-B52B-7B3DDACBC3D3}"
EndProject
Project("{2150E333-8FDC-42A3-9474-1A3956D46DE8}") = "Services", "Services", "{DF8CE53E-9FF7-4BE1-82D1-59E868721480}"
EndProject
Project("{FAE04EC0-301F-11D3-BF4B-00C04F79EFBC}") = "TypeParameterFactory", "tests\unit\Services\TypeParameterFactory\TypeParameterFactory.csproj", "{9F165AA9-2ACD-4066-91E4-AAD544491565}"
EndProject
Project("{FAE04EC0-301F-11D3-BF4B-00C04F79EFBC}") = "Queries", "src\Queries\Queries.csproj", "{08ECF9A7-51CD-429C-9AB0-8E85A34C80B1}"
EndProject
Global
	GlobalSection(SolutionConfigurationPlatforms) = preSolution
		Debug|Any CPU = Debug|Any CPU
		Release|Any CPU = Release|Any CPU
	EndGlobalSection
	GlobalSection(ProjectConfigurationPlatforms) = postSolution
		{A40858EA-AE30-4033-BC9E-AE70EC113F0D}.Debug|Any CPU.ActiveCfg = Debug|Any CPU
		{A40858EA-AE30-4033-BC9E-AE70EC113F0D}.Debug|Any CPU.Build.0 = Debug|Any CPU
		{A40858EA-AE30-4033-BC9E-AE70EC113F0D}.Release|Any CPU.ActiveCfg = Release|Any CPU
		{A40858EA-AE30-4033-BC9E-AE70EC113F0D}.Release|Any CPU.Build.0 = Release|Any CPU
		{C6AF0CA7-D508-4F8B-917E-C91A41C9A184}.Debug|Any CPU.ActiveCfg = Debug|Any CPU
		{C6AF0CA7-D508-4F8B-917E-C91A41C9A184}.Debug|Any CPU.Build.0 = Debug|Any CPU
		{C6AF0CA7-D508-4F8B-917E-C91A41C9A184}.Release|Any CPU.ActiveCfg = Release|Any CPU
		{C6AF0CA7-D508-4F8B-917E-C91A41C9A184}.Release|Any CPU.Build.0 = Release|Any CPU
		{9F165AA9-2ACD-4066-91E4-AAD544491565}.Debug|Any CPU.ActiveCfg = Debug|Any CPU
		{9F165AA9-2ACD-4066-91E4-AAD544491565}.Debug|Any CPU.Build.0 = Debug|Any CPU
		{9F165AA9-2ACD-4066-91E4-AAD544491565}.Release|Any CPU.ActiveCfg = Release|Any CPU
		{9F165AA9-2ACD-4066-91E4-AAD544491565}.Release|Any CPU.Build.0 = Release|Any CPU
		{08ECF9A7-51CD-429C-9AB0-8E85A34C80B1}.Debug|Any CPU.ActiveCfg = Debug|Any CPU
		{08ECF9A7-51CD-429C-9AB0-8E85A34C80B1}.Debug|Any CPU.Build.0 = Debug|Any CPU
		{08ECF9A7-51CD-429C-9AB0-8E85A34C80B1}.Release|Any CPU.ActiveCfg = Release|Any CPU
		{08ECF9A7-51CD-429C-9AB0-8E85A34C80B1}.Release|Any CPU.Build.0 = Release|Any CPU
	EndGlobalSection
	GlobalSection(SolutionProperties) = preSolution
		HideSolutionNode = FALSE
	EndGlobalSection
	GlobalSection(NestedProjects) = preSolution
		{A40858EA-AE30-4033-BC9E-AE70EC113F0D} = {7719CE18-E991-4DD6-A9F5-D84857100B27}
		{C6AF0CA7-D508-4F8B-917E-C91A41C9A184} = {7719CE18-E991-4DD6-A9F5-D84857100B27}
		{5402953F-AED3-4F73-B52B-7B3DDACBC3D3} = {2269D2F3-DF9B-48ED-9328-824B04802BF1}
		{DF8CE53E-9FF7-4BE1-82D1-59E868721480} = {5402953F-AED3-4F73-B52B-7B3DDACBC3D3}
		{9F165AA9-2ACD-4066-91E4-AAD544491565} = {DF8CE53E-9FF7-4BE1-82D1-59E868721480}
		{08ECF9A7-51CD-429C-9AB0-8E85A34C80B1} = {7719CE18-E991-4DD6-A9F5-D84857100B27}
	EndGlobalSection
	GlobalSection(ExtensibilityGlobals) = postSolution
		SolutionGuid = {E97CF5F9-306D-45DA-B867-133040D1CE0D}
	EndGlobalSection
EndGlobal
