
Microsoft Visual Studio Solution File, Format Version 12.00
# Visual Studio Version 17
VisualStudioVersion = 17.0.31903.59
MinimumVisualStudioVersion = 10.0.40219.1
Project("{2150E333-8FDC-42A3-9474-1A3956D46DE8}") = "Solution Items", "Solution Items", "{B6F4219A-EFB1-4E0B-A57C-5D62F9096B6E}"
	ProjectSection(SolutionItems) = preProject
		.editorconfig = .editorconfig
		tests\.editorconfig = tests\.editorconfig
		Directory.Build.props = Directory.Build.props
		src\Directory.Build.props = src\Directory.Build.props
		Directory.Packages.props = Directory.Packages.props
		tests\Directory.Build.props = tests\Directory.Build.props
	EndProjectSection
EndProject
Project("{2150E333-8FDC-42A3-9474-1A3956D46DE8}") = "src", "src", "{7719CE18-E991-4DD6-A9F5-D84857100B27}"
EndProject
Project("{FAE04EC0-301F-11D3-BF4B-00C04F79EFBC}") = "Core", "src\Core\Core.csproj", "{3700F5DC-21AE-4769-BB77-06A886534563}"
EndProject
Project("{2150E333-8FDC-42A3-9474-1A3956D46DE8}") = "tests", "tests", "{108137B7-58BB-4FAF-BB20-153258C0D98A}"
EndProject
Project("{2150E333-8FDC-42A3-9474-1A3956D46DE8}") = "Implementation", "Implementation", "{05F22334-A027-44AE-BE09-A67650550D6B}"
EndProject
Project("{FAE04EC0-301F-11D3-BF4B-00C04F79EFBC}") = "General", "src\Implementation\General\General.csproj", "{DBF326DC-6D6A-42BF-B83E-8C4A0CD86FE4}"
EndProject
Project("{2150E333-8FDC-42A3-9474-1A3956D46DE8}") = "unit", "unit", "{BB8AD179-E51C-49A1-9FA8-0788CFDB0465}"
EndProject
Project("{2150E333-8FDC-42A3-9474-1A3956D46DE8}") = "Implementation", "Implementation", "{03ABFFB2-A62D-4CE8-80AF-2D13608077EB}"
EndProject
Project("{2150E333-8FDC-42A3-9474-1A3956D46DE8}") = "General", "General", "{E4BF9D95-8BC6-4E39-B575-C930FD6873BA}"
EndProject
Project("{FAE04EC0-301F-11D3-BF4B-00C04F79EFBC}") = "Queries", "src\Queries\Queries.csproj", "{33216591-81C3-49DC-8D2E-463AFE0A2D76}"
EndProject
Project("{FAE04EC0-301F-11D3-BF4B-00C04F79EFBC}") = "UT_GetTypeParameterQueryHandler", "tests\unit\Implementation\General\GetTypeParameterQueryHandler\UT_GetTypeParameterQueryHandler.csproj", "{43CE2680-E6CA-4B6F-9D6C-FD24B66A835E}"
EndProject
Global
	GlobalSection(SolutionConfigurationPlatforms) = preSolution
		Debug|Any CPU = Debug|Any CPU
		Release|Any CPU = Release|Any CPU
	EndGlobalSection
	GlobalSection(ProjectConfigurationPlatforms) = postSolution
		{3700F5DC-21AE-4769-BB77-06A886534563}.Debug|Any CPU.ActiveCfg = Debug|Any CPU
		{3700F5DC-21AE-4769-BB77-06A886534563}.Debug|Any CPU.Build.0 = Debug|Any CPU
		{3700F5DC-21AE-4769-BB77-06A886534563}.Release|Any CPU.ActiveCfg = Release|Any CPU
		{3700F5DC-21AE-4769-BB77-06A886534563}.Release|Any CPU.Build.0 = Release|Any CPU
		{DBF326DC-6D6A-42BF-B83E-8C4A0CD86FE4}.Debug|Any CPU.ActiveCfg = Debug|Any CPU
		{DBF326DC-6D6A-42BF-B83E-8C4A0CD86FE4}.Debug|Any CPU.Build.0 = Debug|Any CPU
		{DBF326DC-6D6A-42BF-B83E-8C4A0CD86FE4}.Release|Any CPU.ActiveCfg = Release|Any CPU
		{DBF326DC-6D6A-42BF-B83E-8C4A0CD86FE4}.Release|Any CPU.Build.0 = Release|Any CPU
		{33216591-81C3-49DC-8D2E-463AFE0A2D76}.Debug|Any CPU.ActiveCfg = Debug|Any CPU
		{33216591-81C3-49DC-8D2E-463AFE0A2D76}.Debug|Any CPU.Build.0 = Debug|Any CPU
		{33216591-81C3-49DC-8D2E-463AFE0A2D76}.Release|Any CPU.ActiveCfg = Release|Any CPU
		{33216591-81C3-49DC-8D2E-463AFE0A2D76}.Release|Any CPU.Build.0 = Release|Any CPU
		{43CE2680-E6CA-4B6F-9D6C-FD24B66A835E}.Debug|Any CPU.ActiveCfg = Debug|Any CPU
		{43CE2680-E6CA-4B6F-9D6C-FD24B66A835E}.Debug|Any CPU.Build.0 = Debug|Any CPU
		{43CE2680-E6CA-4B6F-9D6C-FD24B66A835E}.Release|Any CPU.ActiveCfg = Release|Any CPU
		{43CE2680-E6CA-4B6F-9D6C-FD24B66A835E}.Release|Any CPU.Build.0 = Release|Any CPU
	EndGlobalSection
	GlobalSection(SolutionProperties) = preSolution
		HideSolutionNode = FALSE
	EndGlobalSection
	GlobalSection(NestedProjects) = preSolution
		{3700F5DC-21AE-4769-BB77-06A886534563} = {7719CE18-E991-4DD6-A9F5-D84857100B27}
		{05F22334-A027-44AE-BE09-A67650550D6B} = {7719CE18-E991-4DD6-A9F5-D84857100B27}
		{DBF326DC-6D6A-42BF-B83E-8C4A0CD86FE4} = {05F22334-A027-44AE-BE09-A67650550D6B}
		{BB8AD179-E51C-49A1-9FA8-0788CFDB0465} = {108137B7-58BB-4FAF-BB20-153258C0D98A}
		{03ABFFB2-A62D-4CE8-80AF-2D13608077EB} = {BB8AD179-E51C-49A1-9FA8-0788CFDB0465}
		{E4BF9D95-8BC6-4E39-B575-C930FD6873BA} = {03ABFFB2-A62D-4CE8-80AF-2D13608077EB}
		{33216591-81C3-49DC-8D2E-463AFE0A2D76} = {7719CE18-E991-4DD6-A9F5-D84857100B27}
		{43CE2680-E6CA-4B6F-9D6C-FD24B66A835E} = {E4BF9D95-8BC6-4E39-B575-C930FD6873BA}
	EndGlobalSection
	GlobalSection(ExtensibilityGlobals) = postSolution
		SolutionGuid = {E97CF5F9-306D-45DA-B867-133040D1CE0D}
	EndGlobalSection
EndGlobal
