
Microsoft Visual Studio Solution File, Format Version 12.00
# Visual Studio Version 17
VisualStudioVersion = 17.0.31903.59
MinimumVisualStudioVersion = 10.0.40219.1
Project("{2150E333-8FDC-42A3-9474-1A3956D46DE8}") = "Solution Items", "Solution Items", "{B6F4219A-EFB1-4E0B-A57C-5D62F9096B6E}"
	ProjectSection(SolutionItems) = preProject
		.editorconfig = .editorconfig
		tests\.editorconfig = tests\.editorconfig
		Directory.Build.props = Directory.Build.props
		src\Directory.Build.props = src\Directory.Build.props
		Directory.Packages.props = Directory.Packages.props
		tests\Directory.Build.props = tests\Directory.Build.props
	EndProjectSection
EndProject
Project("{2150E333-8FDC-42A3-9474-1A3956D46DE8}") = "src", "src", "{7719CE18-E991-4DD6-A9F5-D84857100B27}"
EndProject
Project("{FAE04EC0-301F-11D3-BF4B-00C04F79EFBC}") = "Core", "src\Core\Core.csproj", "{A40858EA-AE30-4033-BC9E-AE70EC113F0D}"
EndProject
Project("{2150E333-8FDC-42A3-9474-1A3956D46DE8}") = "Queries", "Queries", "{E3E0C01C-B22D-4DD6-B5F7-C535858BF62F}"
EndProject
Project("{FAE04EC0-301F-11D3-BF4B-00C04F79EFBC}") = "Queries.Core", "src\Queries\Core\Queries.Core.csproj", "{ACA06340-3764-40E0-A7D5-EED42874CA9E}"
EndProject
Project("{2150E333-8FDC-42A3-9474-1A3956D46DE8}") = "Factories", "Factories", "{967E8B8B-5DCD-4BFA-9F2F-5F34F2772FBD}"
EndProject
Project("{FAE04EC0-301F-11D3-BF4B-00C04F79EFBC}") = "Queries.Factories.Abstractions", "src\Queries\Factories\Abstractions\Queries.Factories.Abstractions.csproj", "{2023DAB6-96F6-47DA-AAFF-8B81270001E5}"
EndProject
Project("{2150E333-8FDC-42A3-9474-1A3956D46DE8}") = "Coordinators", "Coordinators", "{6604B1BE-01C4-4415-9329-DFA0A15A2477}"
EndProject
Project("{FAE04EC0-301F-11D3-BF4B-00C04F79EFBC}") = "Queries.Coordinators.Abstractions", "src\Queries\Coordinators\Abstractions\Queries.Coordinators.Abstractions.csproj", "{397C9F2F-7CBB-417D-A7E2-07E4B2508F0C}"
EndProject
Project("{FAE04EC0-301F-11D3-BF4B-00C04F79EFBC}") = "Services", "src\Services\Services.csproj", "{C6AF0CA7-D508-4F8B-917E-C91A41C9A184}"
EndProject
Project("{2150E333-8FDC-42A3-9474-1A3956D46DE8}") = "tests", "tests", "{2269D2F3-DF9B-48ED-9328-824B04802BF1}"
EndProject
Project("{2150E333-8FDC-42A3-9474-1A3956D46DE8}") = "unit", "unit", "{5402953F-AED3-4F73-B52B-7B3DDACBC3D3}"
EndProject
Project("{2150E333-8FDC-42A3-9474-1A3956D46DE8}") = "Services", "Services", "{DF8CE53E-9FF7-4BE1-82D1-59E868721480}"
EndProject
Project("{FAE04EC0-301F-11D3-BF4B-00C04F79EFBC}") = "TypeParameterFactory", "tests\unit\Services\TypeParameterFactory\TypeParameterFactory.csproj", "{9F165AA9-2ACD-4066-91E4-AAD544491565}"
EndProject
Project("{2150E333-8FDC-42A3-9474-1A3956D46DE8}") = "Queries", "Queries", "{70891578-4534-476A-A991-34C86BC1999B}"
EndProject
Project("{2150E333-8FDC-42A3-9474-1A3956D46DE8}") = "Coordinators", "Coordinators", "{E70F4D62-90AE-4B50-ABC3-1537360E032D}"
EndProject
Project("{FAE04EC0-301F-11D3-BF4B-00C04F79EFBC}") = "GetTypeParameterBySymbolQueryCoordinator", "tests\unit\Services\Queries\Coordinators\GetTypeParameterBySymbolQueryCoordinator\GetTypeParameterBySymbolQueryCoordinator.csproj", "{86033FBA-B770-4694-B29F-D7DFC171095C}"
EndProject
Project("{2150E333-8FDC-42A3-9474-1A3956D46DE8}") = "Factories", "Factories", "{DF9E7AB5-904A-4C00-BE01-ABB4CFD8CED1}"
EndProject
Project("{FAE04EC0-301F-11D3-BF4B-00C04F79EFBC}") = "GetTypeParameterBySymbolQueryFactory", "tests\unit\Services\Queries\Factories\GetTypeParameterBySymbolQueryFactory\GetTypeParameterBySymbolQueryFactory.csproj", "{70670D65-7BD1-4964-8E6D-7E2D4C392644}"
EndProject
Global
	GlobalSection(SolutionConfigurationPlatforms) = preSolution
		Debug|Any CPU = Debug|Any CPU
		Release|Any CPU = Release|Any CPU
	EndGlobalSection
	GlobalSection(ProjectConfigurationPlatforms) = postSolution
		{A40858EA-AE30-4033-BC9E-AE70EC113F0D}.Debug|Any CPU.ActiveCfg = Debug|Any CPU
		{A40858EA-AE30-4033-BC9E-AE70EC113F0D}.Debug|Any CPU.Build.0 = Debug|Any CPU
		{A40858EA-AE30-4033-BC9E-AE70EC113F0D}.Release|Any CPU.ActiveCfg = Release|Any CPU
		{A40858EA-AE30-4033-BC9E-AE70EC113F0D}.Release|Any CPU.Build.0 = Release|Any CPU
		{ACA06340-3764-40E0-A7D5-EED42874CA9E}.Debug|Any CPU.ActiveCfg = Debug|Any CPU
		{ACA06340-3764-40E0-A7D5-EED42874CA9E}.Debug|Any CPU.Build.0 = Debug|Any CPU
		{ACA06340-3764-40E0-A7D5-EED42874CA9E}.Release|Any CPU.ActiveCfg = Release|Any CPU
		{ACA06340-3764-40E0-A7D5-EED42874CA9E}.Release|Any CPU.Build.0 = Release|Any CPU
		{2023DAB6-96F6-47DA-AAFF-8B81270001E5}.Debug|Any CPU.ActiveCfg = Debug|Any CPU
		{2023DAB6-96F6-47DA-AAFF-8B81270001E5}.Debug|Any CPU.Build.0 = Debug|Any CPU
		{2023DAB6-96F6-47DA-AAFF-8B81270001E5}.Release|Any CPU.ActiveCfg = Release|Any CPU
		{2023DAB6-96F6-47DA-AAFF-8B81270001E5}.Release|Any CPU.Build.0 = Release|Any CPU
		{397C9F2F-7CBB-417D-A7E2-07E4B2508F0C}.Debug|Any CPU.ActiveCfg = Debug|Any CPU
		{397C9F2F-7CBB-417D-A7E2-07E4B2508F0C}.Debug|Any CPU.Build.0 = Debug|Any CPU
		{397C9F2F-7CBB-417D-A7E2-07E4B2508F0C}.Release|Any CPU.ActiveCfg = Release|Any CPU
		{397C9F2F-7CBB-417D-A7E2-07E4B2508F0C}.Release|Any CPU.Build.0 = Release|Any CPU
		{C6AF0CA7-D508-4F8B-917E-C91A41C9A184}.Debug|Any CPU.ActiveCfg = Debug|Any CPU
		{C6AF0CA7-D508-4F8B-917E-C91A41C9A184}.Debug|Any CPU.Build.0 = Debug|Any CPU
		{C6AF0CA7-D508-4F8B-917E-C91A41C9A184}.Release|Any CPU.ActiveCfg = Release|Any CPU
		{C6AF0CA7-D508-4F8B-917E-C91A41C9A184}.Release|Any CPU.Build.0 = Release|Any CPU
		{9F165AA9-2ACD-4066-91E4-AAD544491565}.Debug|Any CPU.ActiveCfg = Debug|Any CPU
		{9F165AA9-2ACD-4066-91E4-AAD544491565}.Debug|Any CPU.Build.0 = Debug|Any CPU
		{9F165AA9-2ACD-4066-91E4-AAD544491565}.Release|Any CPU.ActiveCfg = Release|Any CPU
		{9F165AA9-2ACD-4066-91E4-AAD544491565}.Release|Any CPU.Build.0 = Release|Any CPU
		{86033FBA-B770-4694-B29F-D7DFC171095C}.Debug|Any CPU.ActiveCfg = Debug|Any CPU
		{86033FBA-B770-4694-B29F-D7DFC171095C}.Debug|Any CPU.Build.0 = Debug|Any CPU
		{86033FBA-B770-4694-B29F-D7DFC171095C}.Release|Any CPU.ActiveCfg = Release|Any CPU
		{86033FBA-B770-4694-B29F-D7DFC171095C}.Release|Any CPU.Build.0 = Release|Any CPU
		{70670D65-7BD1-4964-8E6D-7E2D4C392644}.Debug|Any CPU.ActiveCfg = Debug|Any CPU
		{70670D65-7BD1-4964-8E6D-7E2D4C392644}.Debug|Any CPU.Build.0 = Debug|Any CPU
		{70670D65-7BD1-4964-8E6D-7E2D4C392644}.Release|Any CPU.ActiveCfg = Release|Any CPU
		{70670D65-7BD1-4964-8E6D-7E2D4C392644}.Release|Any CPU.Build.0 = Release|Any CPU
	EndGlobalSection
	GlobalSection(SolutionProperties) = preSolution
		HideSolutionNode = FALSE
	EndGlobalSection
	GlobalSection(NestedProjects) = preSolution
		{A40858EA-AE30-4033-BC9E-AE70EC113F0D} = {7719CE18-E991-4DD6-A9F5-D84857100B27}
		{E3E0C01C-B22D-4DD6-B5F7-C535858BF62F} = {7719CE18-E991-4DD6-A9F5-D84857100B27}
		{ACA06340-3764-40E0-A7D5-EED42874CA9E} = {E3E0C01C-B22D-4DD6-B5F7-C535858BF62F}
		{967E8B8B-5DCD-4BFA-9F2F-5F34F2772FBD} = {E3E0C01C-B22D-4DD6-B5F7-C535858BF62F}
		{2023DAB6-96F6-47DA-AAFF-8B81270001E5} = {967E8B8B-5DCD-4BFA-9F2F-5F34F2772FBD}
		{6604B1BE-01C4-4415-9329-DFA0A15A2477} = {E3E0C01C-B22D-4DD6-B5F7-C535858BF62F}
		{397C9F2F-7CBB-417D-A7E2-07E4B2508F0C} = {6604B1BE-01C4-4415-9329-DFA0A15A2477}
		{C6AF0CA7-D508-4F8B-917E-C91A41C9A184} = {7719CE18-E991-4DD6-A9F5-D84857100B27}
		{5402953F-AED3-4F73-B52B-7B3DDACBC3D3} = {2269D2F3-DF9B-48ED-9328-824B04802BF1}
		{DF8CE53E-9FF7-4BE1-82D1-59E868721480} = {5402953F-AED3-4F73-B52B-7B3DDACBC3D3}
		{9F165AA9-2ACD-4066-91E4-AAD544491565} = {DF8CE53E-9FF7-4BE1-82D1-59E868721480}
		{70891578-4534-476A-A991-34C86BC1999B} = {DF8CE53E-9FF7-4BE1-82D1-59E868721480}
		{E70F4D62-90AE-4B50-ABC3-1537360E032D} = {70891578-4534-476A-A991-34C86BC1999B}
		{86033FBA-B770-4694-B29F-D7DFC171095C} = {E70F4D62-90AE-4B50-ABC3-1537360E032D}
		{DF9E7AB5-904A-4C00-BE01-ABB4CFD8CED1} = {70891578-4534-476A-A991-34C86BC1999B}
		{70670D65-7BD1-4964-8E6D-7E2D4C392644} = {DF9E7AB5-904A-4C00-BE01-ABB4CFD8CED1}
	EndGlobalSection
	GlobalSection(ExtensibilityGlobals) = postSolution
		SolutionGuid = {E97CF5F9-306D-45DA-B867-133040D1CE0D}
	EndGlobalSection
EndGlobal
